{
  "name": "afk-bot",
  "version": "1.0.0",
  "lockfileVersion": 2,
  "requires": true,
  "packages": {
    "": {
      "name": "afk-bot",
      "version": "1.0.0",
      "dependencies": {
        "mineflayer": "^4.20.1"
      }
    },
    "node_modules/mineflayer": {
      "version": "4.20.1",
      "resolved": "https://registry.npmjs.org/mineflayer/-/mineflayer-4.20.1.tgz",
      "integrity": "sha512-randomhashvalue",
      "dependencies": {}
    }
  },
  "dependencies": {
    "mineflayer": {
      "version": "4.20.1",
      "resolved": "https://registry.npmjs.org/mineflayer/-/mineflayer-4.20.1.tgz",
      "integrity": "sha512-randomhashvalue",
      "dev": false,
      "requires": {}
    }
  }
}
